// !$*UTF8*$!
{
	archiveVersion = 1;
	classes = {
	};
	objectVersion = 50;
	objects = {

/* Begin PBXBuildFile section */
		57E704812588D506007AB151 /* AppDelegate.swift in Sources */ = {isa = PBXBuildFile; fileRef = 57E704802588D506007AB151 /* AppDelegate.swift */; };
		57E704832588D506007AB151 /* SceneDelegate.swift in Sources */ = {isa = PBXBuildFile; fileRef = 57E704822588D506007AB151 /* SceneDelegate.swift */; };
		57E704882588D506007AB151 /* Main.storyboard in Resources */ = {isa = PBXBuildFile; fileRef = 57E704862588D506007AB151 /* Main.storyboard */; };
		57E7048A2588D507007AB151 /* Assets.xcassets in Resources */ = {isa = PBXBuildFile; fileRef = 57E704892588D507007AB151 /* Assets.xcassets */; };
		57E7048D2588D507007AB151 /* LaunchScreen.storyboard in Resources */ = {isa = PBXBuildFile; fileRef = 57E7048B2588D507007AB151 /* LaunchScreen.storyboard */; };
		57E704972588D531007AB151 /* dark_background.pdf in Resources */ = {isa = PBXBuildFile; fileRef = 57E704952588D531007AB151 /* dark_background.pdf */; };
		57E704982588D531007AB151 /* light_background.pdf in Resources */ = {isa = PBXBuildFile; fileRef = 57E704962588D531007AB151 /* light_background.pdf */; };
		57E7049E2588D57B007AB151 /* WeatherViewController.swift in Sources */ = {isa = PBXBuildFile; fileRef = 57E7049D2588D57B007AB151 /* WeatherViewController.swift */; };
		57E704A32588D5A6007AB151 /* WeatherManager.swift in Sources */ = {isa = PBXBuildFile; fileRef = 57E704A22588D5A6007AB151 /* WeatherManager.swift */; };
		57E704A72588D5B0007AB151 /* WeatherData.swift in Sources */ = {isa = PBXBuildFile; fileRef = 57E704A62588D5B0007AB151 /* WeatherData.swift */; };
		57E704AA2588D5BA007AB151 /* WeatherModel.swift in Sources */ = {isa = PBXBuildFile; fileRef = 57E704A92588D5BA007AB151 /* WeatherModel.swift */; };
/* End PBXBuildFile section */

/* Begin PBXFileReference section */
		57E7047D2588D506007AB151 /* WeatherApp.app */ = {isa = PBXFileReference; explicitFileType = wrapper.application; includeInIndex = 0; path = WeatherApp.app; sourceTree = BUILT_PRODUCTS_DIR; };
		57E704802588D506007AB151 /* AppDelegate.swift */ = {isa = PBXFileReference; lastKnownFileType = sourcecode.swift; path = AppDelegate.swift; sourceTree = "<group>"; };
		57E704822588D506007AB151 /* SceneDelegate.swift */ = {isa = PBXFileReference; lastKnownFileType = sourcecode.swift; path = SceneDelegate.swift; sourceTree = "<group>"; };
		57E704872588D506007AB151 /* Base */ = {isa = PBXFileReference; lastKnownFileType = file.storyboard; name = Base; path = Base.lproj/Main.storyboard; sourceTree = "<group>"; };
		57E704892588D507007AB151 /* Assets.xcassets */ = {isa = PBXFileReference; lastKnownFileType = folder.assetcatalog; path = Assets.xcassets; sourceTree = "<group>"; };
		57E7048C2588D507007AB151 /* Base */ = {isa = PBXFileReference; lastKnownFileType = file.storyboard; name = Base; path = Base.lproj/LaunchScreen.storyboard; sourceTree = "<group>"; };
		57E7048E2588D507007AB151 /* Info.plist */ = {isa = PBXFileReference; lastKnownFileType = text.plist.xml; path = Info.plist; sourceTree = "<group>"; };
		57E704952588D531007AB151 /* dark_background.pdf */ = {isa = PBXFileReference; lastKnownFileType = image.pdf; path = dark_background.pdf; sourceTree = "<group>"; };
		57E704962588D531007AB151 /* light_background.pdf */ = {isa = PBXFileReference; lastKnownFileType = image.pdf; path = light_background.pdf; sourceTree = "<group>"; };
		57E7049D2588D57B007AB151 /* WeatherViewController.swift */ = {isa = PBXFileReference; lastKnownFileType = sourcecode.swift; path = WeatherViewController.swift; sourceTree = "<group>"; };
		57E704A22588D5A6007AB151 /* WeatherManager.swift */ = {isa = PBXFileReference; lastKnownFileType = sourcecode.swift; path = WeatherManager.swift; sourceTree = "<group>"; };
		57E704A62588D5B0007AB151 /* WeatherData.swift */ = {isa = PBXFileReference; lastKnownFileType = sourcecode.swift; path = WeatherData.swift; sourceTree = "<group>"; };
		57E704A92588D5BA007AB151 /* WeatherModel.swift */ = {isa = PBXFileReference; lastKnownFileType = sourcecode.swift; path = WeatherModel.swift; sourceTree = "<group>"; };
/* End PBXFileReference section */

/* Begin PBXFrameworksBuildPhase section */
		57E7047A2588D506007AB151 /* Frameworks */ = {
			isa = PBXFrameworksBuildPhase;
			buildActionMask = 2147483647;
			files = (
			);
			runOnlyForDeploymentPostprocessing = 0;
		};
/* End PBXFrameworksBuildPhase section */

/* Begin PBXGroup section */
		57E704742588D506007AB151 = {
			isa = PBXGroup;
			children = (
				57E7047F2588D506007AB151 /* WeatherApp */,
				57E7047E2588D506007AB151 /* Products */,
			);
			sourceTree = "<group>";
		};
		57E7047E2588D506007AB151 /* Products */ = {
			isa = PBXGroup;
			children = (
				57E7047D2588D506007AB151 /* WeatherApp.app */,
			);
			name = Products;
			sourceTree = "<group>";
		};
		57E7047F2588D506007AB151 /* WeatherApp */ = {
			isa = PBXGroup;
			children = (
				57E7049C2588D553007AB151 /* Controller */,
				57E7049B2588D54E007AB151 /* View */,
				57E7049A2588D543007AB151 /* Model */,
				57E704802588D506007AB151 /* AppDelegate.swift */,
				57E704822588D506007AB151 /* SceneDelegate.swift */,
				57E704892588D507007AB151 /* Assets.xcassets */,
				57E7048B2588D507007AB151 /* LaunchScreen.storyboard */,
				57E7048E2588D507007AB151 /* Info.plist */,
				57E704952588D531007AB151 /* dark_background.pdf */,
				57E704962588D531007AB151 /* light_background.pdf */,
			);
			path = WeatherApp;
			sourceTree = "<group>";
		};
		57E7049A2588D543007AB151 /* Model */ = {
			isa = PBXGroup;
			children = (
				57E704A22588D5A6007AB151 /* WeatherManager.swift */,
				57E704A62588D5B0007AB151 /* WeatherData.swift */,
				57E704A92588D5BA007AB151 /* WeatherModel.swift */,
			);
			path = Model;
			sourceTree = "<group>";
		};
		57E7049B2588D54E007AB151 /* View */ = {
			isa = PBXGroup;
			children = (
				57E704862588D506007AB151 /* Main.storyboard */,
			);
			path = View;
			sourceTree = "<group>";
		};
		57E7049C2588D553007AB151 /* Controller */ = {
			isa = PBXGroup;
			children = (
				57E7049D2588D57B007AB151 /* WeatherViewController.swift */,
			);
			path = Controller;
			sourceTree = "<group>";
		};
/* End PBXGroup section */

/* Begin PBXNativeTarget section */
		57E7047C2588D506007AB151 /* WeatherApp */ = {
			isa = PBXNativeTarget;
			buildConfigurationList = 57E704912588D507007AB151 /* Build configuration list for PBXNativeTarget "WeatherApp" */;
			buildPhases = (
				57E704792588D506007AB151 /* Sources */,
				57E7047A2588D506007AB151 /* Frameworks */,
				57E7047B2588D506007AB151 /* Resources */,
			);
			buildRules = (
			);
			dependencies = (
			);
			name = WeatherApp;
			productName = WeatherApp;
			productReference = 57E7047D2588D506007AB151 /* WeatherApp.app */;
			productType = "com.apple.product-type.application";
		};
/* End PBXNativeTarget section */

/* Begin PBXProject section */
		57E704752588D506007AB151 /* Project object */ = {
			isa = PBXProject;
			attributes = {
				LastSwiftUpdateCheck = 1220;
				LastUpgradeCheck = 1220;
				TargetAttributes = {
					57E7047C2588D506007AB151 = {
						CreatedOnToolsVersion = 12.2;
					};
				};
			};
			buildConfigurationList = 57E704782588D506007AB151 /* Build configuration list for PBXProject "WeatherApp" */;
			compatibilityVersion = "Xcode 9.3";
			developmentRegion = en;
			hasScannedForEncodings = 0;
			knownRegions = (
				en,
				Base,
			);
			mainGroup = 57E704742588D506007AB151;
			productRefGroup = 57E7047E2588D506007AB151 /* Products */;
			projectDirPath = "";
			projectRoot = "";
			targets = (
				57E7047C2588D506007AB151 /* WeatherApp */,
			);
		};
/* End PBXProject section */

/* Begin PBXResourcesBuildPhase section */
		57E7047B2588D506007AB151 /* Resources */ = {
			isa = PBXResourcesBuildPhase;
			buildActionMask = 2147483647;
			files = (
				57E704982588D531007AB151 /* light_background.pdf in Resources */,
				57E704972588D531007AB151 /* dark_background.pdf in Resources */,
				57E7048D2588D507007AB151 /* LaunchScreen.storyboard in Resources */,
				57E7048A2588D507007AB151 /* Assets.xcassets in Resources */,
				57E704882588D506007AB151 /* Main.storyboard in Resources */,
			);
			runOnlyForDeploymentPostprocessing = 0;
		};
/* End PBXResourcesBuildPhase section */

/* Begin PBXSourcesBuildPhase section */
		57E704792588D506007AB151 /* Sources */ = {
			isa = PBXSourcesBuildPhase;
			buildActionMask = 2147483647;
			files = (
				57E7049E2588D57B007AB151 /* WeatherViewController.swift in Sources */,
				57E704A32588D5A6007AB151 /* WeatherManager.swift in Sources */,
				57E704AA2588D5BA007AB151 /* WeatherModel.swift in Sources */,
				57E704812588D506007AB151 /* AppDelegate.swift in Sources */,
				57E704A72588D5B0007AB151 /* WeatherData.swift in Sources */,
				57E704832588D506007AB151 /* SceneDelegate.swift in Sources */,
			);
			runOnlyForDeploymentPostprocessing = 0;
		};
/* End PBXSourcesBuildPhase section */

/* Begin PBXVariantGroup section */
		57E704862588D506007AB151 /* Main.storyboard */ = {
			isa = PBXVariantGroup;
			children = (
				57E704872588D506007AB151 /* Base */,
			);
			name = Main.storyboard;
			sourceTree = "<group>";
		};
		57E7048B2588D507007AB151 /* LaunchScreen.storyboard */ = {
			isa = PBXVariantGroup;
			children = (
				57E7048C2588D507007AB151 /* Base */,
			);
			name = LaunchScreen.storyboard;
			sourceTree = "<group>";
		};
/* End PBXVariantGroup section */

/* Begin XCBuildConfiguration section */
		57E7048F2588D507007AB151 /* Debug */ = {
			isa = XCBuildConfiguration;
			buildSettings = {
				ALWAYS_SEARCH_USER_PATHS = NO;
				CLANG_ANALYZER_NONNULL = YES;
				CLANG_ANALYZER_NUMBER_OBJECT_CONVERSION = YES_AGGRESSIVE;
				CLANG_CXX_LANGUAGE_STANDARD = "gnu++14";
				CLANG_CXX_LIBRARY = "libc++";
				CLANG_ENABLE_MODULES = YES;
				CLANG_ENABLE_OBJC_ARC = YES;
				CLANG_ENABLE_OBJC_WEAK = YES;
				CLANG_WARN_BLOCK_CAPTURE_AUTORELEASING = YES;
				CLANG_WARN_BOOL_CONVERSION = YES;
				CLANG_WARN_COMMA = YES;
				CLANG_WARN_CONSTANT_CONVERSION = YES;
				CLANG_WARN_DEPRECATED_OBJC_IMPLEMENTATIONS = YES;
				CLANG_WARN_DIRECT_OBJC_ISA_USAGE = YES_ERROR;
				CLANG_WARN_DOCUMENTATION_COMMENTS = YES;
				CLANG_WARN_EMPTY_BODY = YES;
				CLANG_WARN_ENUM_CONVERSION = YES;
				CLANG_WARN_INFINITE_RECURSION = YES;
				CLANG_WARN_INT_CONVERSION = YES;
				CLANG_WARN_NON_LITERAL_NULL_CONVERSION = YES;
				CLANG_WARN_OBJC_IMPLICIT_RETAIN_SELF = YES;
				CLANG_WARN_OBJC_LITERAL_CONVERSION = YES;
				CLANG_WARN_OBJC_ROOT_CLASS = YES_ERROR;
				CLANG_WARN_QUOTED_INCLUDE_IN_FRAMEWORK_HEADER = YES;
				CLANG_WARN_RANGE_LOOP_ANALYSIS = YES;
				CLANG_WARN_STRICT_PROTOTYPES = YES;
				CLANG_WARN_SUSPICIOUS_MOVE = YES;
				CLANG_WARN_UNGUARDED_AVAILABILITY = YES_AGGRESSIVE;
				CLANG_WARN_UNREACHABLE_CODE = YES;
				CLANG_WARN__DUPLICATE_METHOD_MATCH = YES;
				COPY_PHASE_STRIP = NO;
				DEBUG_INFORMATION_FORMAT = dwarf;
				ENABLE_STRICT_OBJC_MSGSEND = YES;
				ENABLE_TESTABILITY = YES;
				GCC_C_LANGUAGE_STANDARD = gnu11;
				GCC_DYNAMIC_NO_PIC = NO;
				GCC_NO_COMMON_BLOCKS = YES;
				GCC_OPTIMIZATION_LEVEL = 0;
				GCC_PREPROCESSOR_DEFINITIONS = (
					"DEBUG=1",
					"$(inherited)",
				);
				GCC_WARN_64_TO_32_BIT_CONVERSION = YES;
				GCC_WARN_ABOUT_RETURN_TYPE = YES_ERROR;
				GCC_WARN_UNDECLARED_SELECTOR = YES;
				GCC_WARN_UNINITIALIZED_AUTOS = YES_AGGRESSIVE;
				GCC_WARN_UNUSED_FUNCTION = YES;
				GCC_WARN_UNUSED_VARIABLE = YES;
				IPHONEOS_DEPLOYMENT_TARGET = 14.2;
				MTL_ENABLE_DEBUG_INFO = INCLUDE_SOURCE;
				MTL_FAST_MATH = YES;
				ONLY_ACTIVE_ARCH = YES;
				SDKROOT = iphoneos;
				SWIFT_ACTIVE_COMPILATION_CONDITIONS = DEBUG;
				SWIFT_OPTIMIZATION_LEVEL = "-Onone";
			};
			name = Debug;
		};
		57E704902588D507007AB151 /* Release */ = {
			isa = XCBuildConfiguration;
			buildSettings = {
				ALWAYS_SEARCH_USER_PATHS = NO;
				CLANG_ANALYZER_NONNULL = YES;
				CLANG_ANALYZER_NUMBER_OBJECT_CONVERSION = YES_AGGRESSIVE;
				CLANG_CXX_LANGUAGE_STANDARD = "gnu++14";
				CLANG_CXX_LIBRARY = "libc++";
				CLANG_ENABLE_MODULES = YES;
				CLANG_ENABLE_OBJC_ARC = YES;
				CLANG_ENABLE_OBJC_WEAK = YES;
				CLANG_WARN_BLOCK_CAPTURE_AUTORELEASING = YES;
				CLANG_WARN_BOOL_CONVERSION = YES;
				CLANG_WARN_COMMA = YES;
				CLANG_WARN_CONSTANT_CONVERSION = YES;
				CLANG_WARN_DEPRECATED_OBJC_IMPLEMENTATIONS = YES;
				CLANG_WARN_DIRECT_OBJC_ISA_USAGE = YES_ERROR;
				CLANG_WARN_DOCUMENTATION_COMMENTS = YES;
				CLANG_WARN_EMPTY_BODY = YES;
				CLANG_WARN_ENUM_CONVERSION = YES;
				CLANG_WARN_INFINITE_RECURSION = YES;
				CLANG_WARN_INT_CONVERSION = YES;
				CLANG_WARN_NON_LITERAL_NULL_CONVERSION = YES;
				CLANG_WARN_OBJC_IMPLICIT_RETAIN_SELF = YES;
				CLANG_WARN_OBJC_LITERAL_CONVERSION = YES;
				CLANG_WARN_OBJC_ROOT_CLASS = YES_ERROR;
				CLANG_WARN_QUOTED_INCLUDE_IN_FRAMEWORK_HEADER = YES;
				CLANG_WARN_RANGE_LOOP_ANALYSIS = YES;
				CLANG_WARN_STRICT_PROTOTYPES = YES;
				CLANG_WARN_SUSPICIOUS_MOVE = YES;
				CLANG_WARN_UNGUARDED_AVAILABILITY = YES_AGGRESSIVE;
				CLANG_WARN_UNREACHABLE_CODE = YES;
				CLANG_WARN__DUPLICATE_METHOD_MATCH = YES;
				COPY_PHASE_STRIP = NO;
				DEBUG_INFORMATION_FORMAT = "dwarf-with-dsym";
				ENABLE_NS_ASSERTIONS = NO;
				ENABLE_STRICT_OBJC_MSGSEND = YES;
				GCC_C_LANGUAGE_STANDARD = gnu11;
				GCC_NO_COMMON_BLOCKS = YES;
				GCC_WARN_64_TO_32_BIT_CONVERSION = YES;
				GCC_WARN_ABOUT_RETURN_TYPE = YES_ERROR;
				GCC_WARN_UNDECLARED_SELECTOR = YES;
				GCC_WARN_UNINITIALIZED_AUTOS = YES_AGGRESSIVE;
				GCC_WARN_UNUSED_FUNCTION = YES;
				GCC_WARN_UNUSED_VARIABLE = YES;
				IPHONEOS_DEPLOYMENT_TARGET = 14.2;
				MTL_ENABLE_DEBUG_INFO = NO;
				MTL_FAST_MATH = YES;
				SDKROOT = iphoneos;
				SWIFT_COMPILATION_MODE = wholemodule;
				SWIFT_OPTIMIZATION_LEVEL = "-O";
				VALIDATE_PRODUCT = YES;
			};
			name = Release;
		};
		57E704922588D507007AB151 /* Debug */ = {
			isa = XCBuildConfiguration;
			buildSettings = {
				ASSETCATALOG_COMPILER_APPICON_NAME = AppIcon;
				ASSETCATALOG_COMPILER_GLOBAL_ACCENT_COLOR_NAME = AccentColor;
				CODE_SIGN_STYLE = Automatic;
				DEVELOPMENT_TEAM = C48GM5G438;
				INFOPLIST_FILE = WeatherApp/Info.plist;
				LD_RUNPATH_SEARCH_PATHS = (
					"$(inherited)",
					"@executable_path/Frameworks",
				);
				PRODUCT_BUNDLE_IDENTIFIER = com.matt.dolidze.WeatherApp;
				PRODUCT_NAME = "$(TARGET_NAME)";
				SWIFT_VERSION = 5.0;
				TARGETED_DEVICE_FAMILY = "1,2";
			};
			name = Debug;
		};
		57E704932588D507007AB151 /* Release */ = {
			isa = XCBuildConfiguration;
			buildSettings = {
				ASSETCATALOG_COMPILER_APPICON_NAME = AppIcon;
				ASSETCATALOG_COMPILER_GLOBAL_ACCENT_COLOR_NAME = AccentColor;
				CODE_SIGN_STYLE = Automatic;
				DEVELOPMENT_TEAM = C48GM5G438;
				INFOPLIST_FILE = WeatherApp/Info.plist;
				LD_RUNPATH_SEARCH_PATHS = (
					"$(inherited)",
					"@executable_path/Frameworks",
				);
				PRODUCT_BUNDLE_IDENTIFIER = com.matt.dolidze.WeatherApp;
				PRODUCT_NAME = "$(TARGET_NAME)";
				SWIFT_VERSION = 5.0;
				TARGETED_DEVICE_FAMILY = "1,2";
			};
			name = Release;
		};
/* End XCBuildConfiguration section */

/* Begin XCConfigurationList section */
		57E704782588D506007AB151 /* Build configuration list for PBXProject "WeatherApp" */ = {
			isa = XCConfigurationList;
			buildConfigurations = (
				57E7048F2588D507007AB151 /* Debug */,
				57E704902588D507007AB151 /* Release */,
			);
			defaultConfigurationIsVisible = 0;
			defaultConfigurationName = Release;
		};
		57E704912588D507007AB151 /* Build configuration list for PBXNativeTarget "WeatherApp" */ = {
			isa = XCConfigurationList;
			buildConfigurations = (
				57E704922588D507007AB151 /* Debug */,
				57E704932588D507007AB151 /* Release */,
			);
			defaultConfigurationIsVisible = 0;
			defaultConfigurationName = Release;
		};
/* End XCConfigurationList section */
	};
	rootObject = 57E704752588D506007AB151 /* Project object */;
}
